// !$*UTF8*$!
{
	archiveVersion = 1;
	classes = {
	};
	objectVersion = 56;
	objects = {

/* Begin PBXBuildFile section */
		CEB82AAB2AE3AE7B00670A0F /* AppDelegate.swift in Sources */ = {isa = PBXBuildFile; fileRef = CEB82AAA2AE3AE7B00670A0F /* AppDelegate.swift */; };
		CEB82AAD2AE3AE7B00670A0F /* SceneDelegate.swift in Sources */ = {isa = PBXBuildFile; fileRef = CEB82AAC2AE3AE7B00670A0F /* SceneDelegate.swift */; };
		CEB82AAF2AE3AE7B00670A0F /* ViewController.swift in Sources */ = {isa = PBXBuildFile; fileRef = CEB82AAE2AE3AE7B00670A0F /* ViewController.swift */; };
		CEB82AB22AE3AE7B00670A0F /* Main.storyboard in Resources */ = {isa = PBXBuildFile; fileRef = CEB82AB02AE3AE7B00670A0F /* Main.storyboard */; };
		CEB82AB42AE3AE7E00670A0F /* Assets.xcassets in Resources */ = {isa = PBXBuildFile; fileRef = CEB82AB32AE3AE7E00670A0F /* Assets.xcassets */; };
		CEB82AB72AE3AE7E00670A0F /* LaunchScreen.storyboard in Resources */ = {isa = PBXBuildFile; fileRef = CEB82AB52AE3AE7E00670A0F /* LaunchScreen.storyboard */; };
		CEB82AD92AE3CAA500670A0F /* Crypto.swift in Sources */ = {isa = PBXBuildFile; fileRef = CEB82AD82AE3CAA500670A0F /* Crypto.swift */; };
		CEB82ADC2AE3DEE300670A0F /* WebService.swift in Sources */ = {isa = PBXBuildFile; fileRef = CEB82ADB2AE3DEE300670A0F /* WebService.swift */; };
		CEB82ADE2AE3E5D700670A0F /* CryptoViewModel.swift in Sources */ = {isa = PBXBuildFile; fileRef = CEB82ADD2AE3E5D700670A0F /* CryptoViewModel.swift */; };
		CEB82AE52AE3E88800670A0F /* RxCocoa in Frameworks */ = {isa = PBXBuildFile; productRef = CEB82AE42AE3E88800670A0F /* RxCocoa */; };
		CEB82AED2AE3E88800670A0F /* RxSwift in Frameworks */ = {isa = PBXBuildFile; productRef = CEB82AEC2AE3E88800670A0F /* RxSwift */; };
/* End PBXBuildFile section */

/* Begin PBXFileReference section */
		CEB82AA72AE3AE7B00670A0F /* PazaramaBootacamp2.2.app */ = {isa = PBXFileReference; explicitFileType = wrapper.application; includeInIndex = 0; path = PazaramaBootacamp2.2.app; sourceTree = BUILT_PRODUCTS_DIR; };
		CEB82AAA2AE3AE7B00670A0F /* AppDelegate.swift */ = {isa = PBXFileReference; lastKnownFileType = sourcecode.swift; path = AppDelegate.swift; sourceTree = "<group>"; };
		CEB82AAC2AE3AE7B00670A0F /* SceneDelegate.swift */ = {isa = PBXFileReference; lastKnownFileType = sourcecode.swift; path = SceneDelegate.swift; sourceTree = "<group>"; };
		CEB82AAE2AE3AE7B00670A0F /* ViewController.swift */ = {isa = PBXFileReference; lastKnownFileType = sourcecode.swift; path = ViewController.swift; sourceTree = "<group>"; };
		CEB82AB12AE3AE7B00670A0F /* Base */ = {isa = PBXFileReference; lastKnownFileType = file.storyboard; name = Base; path = Base.lproj/Main.storyboard; sourceTree = "<group>"; };
		CEB82AB32AE3AE7E00670A0F /* Assets.xcassets */ = {isa = PBXFileReference; lastKnownFileType = folder.assetcatalog; path = Assets.xcassets; sourceTree = "<group>"; };
		CEB82AB62AE3AE7E00670A0F /* Base */ = {isa = PBXFileReference; lastKnownFileType = file.storyboard; name = Base; path = Base.lproj/LaunchScreen.storyboard; sourceTree = "<group>"; };
		CEB82AB82AE3AE7E00670A0F /* Info.plist */ = {isa = PBXFileReference; lastKnownFileType = text.plist.xml; path = Info.plist; sourceTree = "<group>"; };
		CEB82AD82AE3CAA500670A0F /* Crypto.swift */ = {isa = PBXFileReference; lastKnownFileType = sourcecode.swift; path = Crypto.swift; sourceTree = "<group>"; };
		CEB82ADB2AE3DEE300670A0F /* WebService.swift */ = {isa = PBXFileReference; lastKnownFileType = sourcecode.swift; path = WebService.swift; sourceTree = "<group>"; };
		CEB82ADD2AE3E5D700670A0F /* CryptoViewModel.swift */ = {isa = PBXFileReference; lastKnownFileType = sourcecode.swift; path = CryptoViewModel.swift; sourceTree = "<group>"; };
/* End PBXFileReference section */

/* Begin PBXFrameworksBuildPhase section */
		CEB82AA42AE3AE7B00670A0F /* Frameworks */ = {
			isa = PBXFrameworksBuildPhase;
			buildActionMask = 2147483647;
			files = (
				CEB82AE52AE3E88800670A0F /* RxCocoa in Frameworks */,
				CEB82AED2AE3E88800670A0F /* RxSwift in Frameworks */,
			);
			runOnlyForDeploymentPostprocessing = 0;
		};
/* End PBXFrameworksBuildPhase section */

/* Begin PBXGroup section */
		CEB82A9E2AE3AE7B00670A0F = {
			isa = PBXGroup;
			children = (
				CEB82AA92AE3AE7B00670A0F /* PazaramaBootacamp2.2 */,
				CEB82AA82AE3AE7B00670A0F /* Products */,
			);
			sourceTree = "<group>";
		};
		CEB82AA82AE3AE7B00670A0F /* Products */ = {
			isa = PBXGroup;
			children = (
				CEB82AA72AE3AE7B00670A0F /* PazaramaBootacamp2.2.app */,
			);
			name = Products;
			sourceTree = "<group>";
		};
		CEB82AA92AE3AE7B00670A0F /* PazaramaBootacamp2.2 */ = {
			isa = PBXGroup;
			children = (
				CEB82ADA2AE3DECC00670A0F /* Service */,
				CEB82AD72AE3CA7600670A0F /* VİewModel */,
				CEB82AD62AE3CA6E00670A0F /* Model */,
				CEB82AD52AE3CA6800670A0F /* View */,
				CEB82AAA2AE3AE7B00670A0F /* AppDelegate.swift */,
				CEB82AAC2AE3AE7B00670A0F /* SceneDelegate.swift */,
				CEB82AB02AE3AE7B00670A0F /* Main.storyboard */,
				CEB82AB32AE3AE7E00670A0F /* Assets.xcassets */,
				CEB82AB52AE3AE7E00670A0F /* LaunchScreen.storyboard */,
				CEB82AB82AE3AE7E00670A0F /* Info.plist */,
			);
			path = PazaramaBootacamp2.2;
			sourceTree = "<group>";
		};
		CEB82AD52AE3CA6800670A0F /* View */ = {
			isa = PBXGroup;
			children = (
				CEB82AAE2AE3AE7B00670A0F /* ViewController.swift */,
			);
			path = View;
			sourceTree = "<group>";
		};
		CEB82AD62AE3CA6E00670A0F /* Model */ = {
			isa = PBXGroup;
			children = (
				CEB82AD82AE3CAA500670A0F /* Crypto.swift */,
			);
			path = Model;
			sourceTree = "<group>";
		};
		CEB82AD72AE3CA7600670A0F /* VİewModel */ = {
			isa = PBXGroup;
			children = (
				CEB82ADD2AE3E5D700670A0F /* CryptoViewModel.swift */,
			);
			name = "VİewModel";
			path = "VİewModel";
			sourceTree = "<group>";
		};
		CEB82ADA2AE3DECC00670A0F /* Service */ = {
			isa = PBXGroup;
			children = (
				CEB82ADB2AE3DEE300670A0F /* WebService.swift */,
			);
			path = Service;
			sourceTree = "<group>";
		};
/* End PBXGroup section */

/* Begin PBXNativeTarget section */
		CEB82AA62AE3AE7B00670A0F /* PazaramaBootacamp2.2 */ = {
			isa = PBXNativeTarget;
			buildConfigurationList = CEB82ABB2AE3AE7E00670A0F /* Build configuration list for PBXNativeTarget "PazaramaBootacamp2.2" */;
			buildPhases = (
				CEB82AA32AE3AE7B00670A0F /* Sources */,
				CEB82AA42AE3AE7B00670A0F /* Frameworks */,
				CEB82AA52AE3AE7B00670A0F /* Resources */,
			);
			buildRules = (
			);
			dependencies = (
			);
			name = PazaramaBootacamp2.2;
			packageProductDependencies = (
				CEB82AE42AE3E88800670A0F /* RxCocoa */,
				CEB82AEC2AE3E88800670A0F /* RxSwift */,
			);
			productName = PazaramaBootacamp2.2;
			productReference = CEB82AA72AE3AE7B00670A0F /* PazaramaBootacamp2.2.app */;
			productType = "com.apple.product-type.application";
		};
/* End PBXNativeTarget section */

/* Begin PBXProject section */
		CEB82A9F2AE3AE7B00670A0F /* Project object */ = {
			isa = PBXProject;
			attributes = {
				BuildIndependentTargetsInParallel = 1;
				LastSwiftUpdateCheck = 1430;
				LastUpgradeCheck = 1430;
				TargetAttributes = {
					CEB82AA62AE3AE7B00670A0F = {
						CreatedOnToolsVersion = 14.3.1;
					};
				};
			};
			buildConfigurationList = CEB82AA22AE3AE7B00670A0F /* Build configuration list for PBXProject "PazaramaBootacamp2.2" */;
			compatibilityVersion = "Xcode 14.0";
			developmentRegion = en;
			hasScannedForEncodings = 0;
			knownRegions = (
				en,
				Base,
			);
			mainGroup = CEB82A9E2AE3AE7B00670A0F;
			packageReferences = (
				CEB82ADF2AE3E88800670A0F /* XCRemoteSwiftPackageReference "RxSwift" */,
			);
			productRefGroup = CEB82AA82AE3AE7B00670A0F /* Products */;
			projectDirPath = "";
			projectRoot = "";
			targets = (
				CEB82AA62AE3AE7B00670A0F /* PazaramaBootacamp2.2 */,
			);
		};
/* End PBXProject section */

/* Begin PBXResourcesBuildPhase section */
		CEB82AA52AE3AE7B00670A0F /* Resources */ = {
			isa = PBXResourcesBuildPhase;
			buildActionMask = 2147483647;
			files = (
				CEB82AB72AE3AE7E00670A0F /* LaunchScreen.storyboard in Resources */,
				CEB82AB42AE3AE7E00670A0F /* Assets.xcassets in Resources */,
				CEB82AB22AE3AE7B00670A0F /* Main.storyboard in Resources */,
			);
			runOnlyForDeploymentPostprocessing = 0;
		};
/* End PBXResourcesBuildPhase section */

/* Begin PBXSourcesBuildPhase section */
		CEB82AA32AE3AE7B00670A0F /* Sources */ = {
			isa = PBXSourcesBuildPhase;
			buildActionMask = 2147483647;
			files = (
				CEB82AD92AE3CAA500670A0F /* Crypto.swift in Sources */,
				CEB82AAF2AE3AE7B00670A0F /* ViewController.swift in Sources */,
				CEB82AAB2AE3AE7B00670A0F /* AppDelegate.swift in Sources */,
				CEB82ADC2AE3DEE300670A0F /* WebService.swift in Sources */,
				CEB82AAD2AE3AE7B00670A0F /* SceneDelegate.swift in Sources */,
				CEB82ADE2AE3E5D700670A0F /* CryptoViewModel.swift in Sources */,
			);
			runOnlyForDeploymentPostprocessing = 0;
		};
/* End PBXSourcesBuildPhase section */

/* Begin PBXVariantGroup section */
		CEB82AB02AE3AE7B00670A0F /* Main.storyboard */ = {
			isa = PBXVariantGroup;
			children = (
				CEB82AB12AE3AE7B00670A0F /* Base */,
			);
			name = Main.storyboard;
			sourceTree = "<group>";
		};
		CEB82AB52AE3AE7E00670A0F /* LaunchScreen.storyboard */ = {
			isa = PBXVariantGroup;
			children = (
				CEB82AB62AE3AE7E00670A0F /* Base */,
			);
			name = LaunchScreen.storyboard;
			sourceTree = "<group>";
		};
/* End PBXVariantGroup section */

/* Begin XCBuildConfiguration section */
		CEB82AB92AE3AE7E00670A0F /* Debug */ = {
			isa = XCBuildConfiguration;
			buildSettings = {
				ALWAYS_SEARCH_USER_PATHS = NO;
				CLANG_ANALYZER_NONNULL = YES;
				CLANG_ANALYZER_NUMBER_OBJECT_CONVERSION = YES_AGGRESSIVE;
				CLANG_CXX_LANGUAGE_STANDARD = "gnu++20";
				CLANG_ENABLE_MODULES = YES;
				CLANG_ENABLE_OBJC_ARC = YES;
				CLANG_ENABLE_OBJC_WEAK = YES;
				CLANG_WARN_BLOCK_CAPTURE_AUTORELEASING = YES;
				CLANG_WARN_BOOL_CONVERSION = YES;
				CLANG_WARN_COMMA = YES;
				CLANG_WARN_CONSTANT_CONVERSION = YES;
				CLANG_WARN_DEPRECATED_OBJC_IMPLEMENTATIONS = YES;
				CLANG_WARN_DIRECT_OBJC_ISA_USAGE = YES_ERROR;
				CLANG_WARN_DOCUMENTATION_COMMENTS = YES;
				CLANG_WARN_EMPTY_BODY = YES;
				CLANG_WARN_ENUM_CONVERSION = YES;
				CLANG_WARN_INFINITE_RECURSION = YES;
				CLANG_WARN_INT_CONVERSION = YES;
				CLANG_WARN_NON_LITERAL_NULL_CONVERSION = YES;
				CLANG_WARN_OBJC_IMPLICIT_RETAIN_SELF = YES;
				CLANG_WARN_OBJC_LITERAL_CONVERSION = YES;
				CLANG_WARN_OBJC_ROOT_CLASS = YES_ERROR;
				CLANG_WARN_QUOTED_INCLUDE_IN_FRAMEWORK_HEADER = YES;
				CLANG_WARN_RANGE_LOOP_ANALYSIS = YES;
				CLANG_WARN_STRICT_PROTOTYPES = YES;
				CLANG_WARN_SUSPICIOUS_MOVE = YES;
				CLANG_WARN_UNGUARDED_AVAILABILITY = YES_AGGRESSIVE;
				CLANG_WARN_UNREACHABLE_CODE = YES;
				CLANG_WARN__DUPLICATE_METHOD_MATCH = YES;
				COPY_PHASE_STRIP = NO;
				DEBUG_INFORMATION_FORMAT = dwarf;
				ENABLE_STRICT_OBJC_MSGSEND = YES;
				ENABLE_TESTABILITY = YES;
				GCC_C_LANGUAGE_STANDARD = gnu11;
				GCC_DYNAMIC_NO_PIC = NO;
				GCC_NO_COMMON_BLOCKS = YES;
				GCC_OPTIMIZATION_LEVEL = 0;
				GCC_PREPROCESSOR_DEFINITIONS = (
					"DEBUG=1",
					"$(inherited)",
				);
				GCC_WARN_64_TO_32_BIT_CONVERSION = YES;
				GCC_WARN_ABOUT_RETURN_TYPE = YES_ERROR;
				GCC_WARN_UNDECLARED_SELECTOR = YES;
				GCC_WARN_UNINITIALIZED_AUTOS = YES_AGGRESSIVE;
				GCC_WARN_UNUSED_FUNCTION = YES;
				GCC_WARN_UNUSED_VARIABLE = YES;
				IPHONEOS_DEPLOYMENT_TARGET = 16.4;
				MTL_ENABLE_DEBUG_INFO = INCLUDE_SOURCE;
				MTL_FAST_MATH = YES;
				ONLY_ACTIVE_ARCH = YES;
				SDKROOT = iphoneos;
				SWIFT_ACTIVE_COMPILATION_CONDITIONS = DEBUG;
				SWIFT_OPTIMIZATION_LEVEL = "-Onone";
			};
			name = Debug;
		};
		CEB82ABA2AE3AE7E00670A0F /* Release */ = {
			isa = XCBuildConfiguration;
			buildSettings = {
				ALWAYS_SEARCH_USER_PATHS = NO;
				CLANG_ANALYZER_NONNULL = YES;
				CLANG_ANALYZER_NUMBER_OBJECT_CONVERSION = YES_AGGRESSIVE;
				CLANG_CXX_LANGUAGE_STANDARD = "gnu++20";
				CLANG_ENABLE_MODULES = YES;
				CLANG_ENABLE_OBJC_ARC = YES;
				CLANG_ENABLE_OBJC_WEAK = YES;
				CLANG_WARN_BLOCK_CAPTURE_AUTORELEASING = YES;
				CLANG_WARN_BOOL_CONVERSION = YES;
				CLANG_WARN_COMMA = YES;
				CLANG_WARN_CONSTANT_CONVERSION = YES;
				CLANG_WARN_DEPRECATED_OBJC_IMPLEMENTATIONS = YES;
				CLANG_WARN_DIRECT_OBJC_ISA_USAGE = YES_ERROR;
				CLANG_WARN_DOCUMENTATION_COMMENTS = YES;
				CLANG_WARN_EMPTY_BODY = YES;
				CLANG_WARN_ENUM_CONVERSION = YES;
				CLANG_WARN_INFINITE_RECURSION = YES;
				CLANG_WARN_INT_CONVERSION = YES;
				CLANG_WARN_NON_LITERAL_NULL_CONVERSION = YES;
				CLANG_WARN_OBJC_IMPLICIT_RETAIN_SELF = YES;
				CLANG_WARN_OBJC_LITERAL_CONVERSION = YES;
				CLANG_WARN_OBJC_ROOT_CLASS = YES_ERROR;
				CLANG_WARN_QUOTED_INCLUDE_IN_FRAMEWORK_HEADER = YES;
				CLANG_WARN_RANGE_LOOP_ANALYSIS = YES;
				CLANG_WARN_STRICT_PROTOTYPES = YES;
				CLANG_WARN_SUSPICIOUS_MOVE = YES;
				CLANG_WARN_UNGUARDED_AVAILABILITY = YES_AGGRESSIVE;
				CLANG_WARN_UNREACHABLE_CODE = YES;
				CLANG_WARN__DUPLICATE_METHOD_MATCH = YES;
				COPY_PHASE_STRIP = NO;
				DEBUG_INFORMATION_FORMAT = "dwarf-with-dsym";
				ENABLE_NS_ASSERTIONS = NO;
				ENABLE_STRICT_OBJC_MSGSEND = YES;
				GCC_C_LANGUAGE_STANDARD = gnu11;
				GCC_NO_COMMON_BLOCKS = YES;
				GCC_WARN_64_TO_32_BIT_CONVERSION = YES;
				GCC_WARN_ABOUT_RETURN_TYPE = YES_ERROR;
				GCC_WARN_UNDECLARED_SELECTOR = YES;
				GCC_WARN_UNINITIALIZED_AUTOS = YES_AGGRESSIVE;
				GCC_WARN_UNUSED_FUNCTION = YES;
				GCC_WARN_UNUSED_VARIABLE = YES;
				IPHONEOS_DEPLOYMENT_TARGET = 16.4;
				MTL_ENABLE_DEBUG_INFO = NO;
				MTL_FAST_MATH = YES;
				SDKROOT = iphoneos;
				SWIFT_COMPILATION_MODE = wholemodule;
				SWIFT_OPTIMIZATION_LEVEL = "-O";
				VALIDATE_PRODUCT = YES;
			};
			name = Release;
		};
		CEB82ABC2AE3AE7E00670A0F /* Debug */ = {
			isa = XCBuildConfiguration;
			buildSettings = {
				ASSETCATALOG_COMPILER_APPICON_NAME = AppIcon;
				ASSETCATALOG_COMPILER_GLOBAL_ACCENT_COLOR_NAME = AccentColor;
				CODE_SIGN_STYLE = Automatic;
				CURRENT_PROJECT_VERSION = 1;
				DEVELOPMENT_TEAM = L3FSH6376S;
				GENERATE_INFOPLIST_FILE = YES;
				INFOPLIST_FILE = PazaramaBootacamp2.2/Info.plist;
				INFOPLIST_KEY_UIApplicationSupportsIndirectInputEvents = YES;
				INFOPLIST_KEY_UILaunchStoryboardName = LaunchScreen;
				INFOPLIST_KEY_UIMainStoryboardFile = Main;
				INFOPLIST_KEY_UISupportedInterfaceOrientations_iPad = "UIInterfaceOrientationPortrait UIInterfaceOrientationPortraitUpsideDown UIInterfaceOrientationLandscapeLeft UIInterfaceOrientationLandscapeRight";
				INFOPLIST_KEY_UISupportedInterfaceOrientations_iPhone = "UIInterfaceOrientationPortrait UIInterfaceOrientationLandscapeLeft UIInterfaceOrientationLandscapeRight";
				LD_RUNPATH_SEARCH_PATHS = (
					"$(inherited)",
					"@executable_path/Frameworks",
				);
				MARKETING_VERSION = 1.0;
				PRODUCT_BUNDLE_IDENTIFIER = "com.berkayyaman.PazaramaBootacamp2-2";
				PRODUCT_NAME = "$(TARGET_NAME)";
				SWIFT_EMIT_LOC_STRINGS = YES;
				SWIFT_VERSION = 5.0;
				TARGETED_DEVICE_FAMILY = "1,2";
			};
			name = Debug;
		};
		CEB82ABD2AE3AE7E00670A0F /* Release */ = {
			isa = XCBuildConfiguration;
			buildSettings = {
				ASSETCATALOG_COMPILER_APPICON_NAME = AppIcon;
				ASSETCATALOG_COMPILER_GLOBAL_ACCENT_COLOR_NAME = AccentColor;
				CODE_SIGN_STYLE = Automatic;
				CURRENT_PROJECT_VERSION = 1;
				DEVELOPMENT_TEAM = L3FSH6376S;
				GENERATE_INFOPLIST_FILE = YES;
				INFOPLIST_FILE = PazaramaBootacamp2.2/Info.plist;
				INFOPLIST_KEY_UIApplicationSupportsIndirectInputEvents = YES;
				INFOPLIST_KEY_UILaunchStoryboardName = LaunchScreen;
				INFOPLIST_KEY_UIMainStoryboardFile = Main;
				INFOPLIST_KEY_UISupportedInterfaceOrientations_iPad = "UIInterfaceOrientationPortrait UIInterfaceOrientationPortraitUpsideDown UIInterfaceOrientationLandscapeLeft UIInterfaceOrientationLandscapeRight";
				INFOPLIST_KEY_UISupportedInterfaceOrientations_iPhone = "UIInterfaceOrientationPortrait UIInterfaceOrientationLandscapeLeft UIInterfaceOrientationLandscapeRight";
				LD_RUNPATH_SEARCH_PATHS = (
					"$(inherited)",
					"@executable_path/Frameworks",
				);
				MARKETING_VERSION = 1.0;
				PRODUCT_BUNDLE_IDENTIFIER = "com.berkayyaman.PazaramaBootacamp2-2";
				PRODUCT_NAME = "$(TARGET_NAME)";
				SWIFT_EMIT_LOC_STRINGS = YES;
				SWIFT_VERSION = 5.0;
				TARGETED_DEVICE_FAMILY = "1,2";
			};
			name = Release;
		};
/* End XCBuildConfiguration section */

/* Begin XCConfigurationList section */
		CEB82AA22AE3AE7B00670A0F /* Build configuration list for PBXProject "PazaramaBootacamp2.2" */ = {
			isa = XCConfigurationList;
			buildConfigurations = (
				CEB82AB92AE3AE7E00670A0F /* Debug */,
				CEB82ABA2AE3AE7E00670A0F /* Release */,
			);
			defaultConfigurationIsVisible = 0;
			defaultConfigurationName = Release;
		};
		CEB82ABB2AE3AE7E00670A0F /* Build configuration list for PBXNativeTarget "PazaramaBootacamp2.2" */ = {
			isa = XCConfigurationList;
			buildConfigurations = (
				CEB82ABC2AE3AE7E00670A0F /* Debug */,
				CEB82ABD2AE3AE7E00670A0F /* Release */,
			);
			defaultConfigurationIsVisible = 0;
			defaultConfigurationName = Release;
		};
/* End XCConfigurationList section */

/* Begin XCRemoteSwiftPackageReference section */
		CEB82ADF2AE3E88800670A0F /* XCRemoteSwiftPackageReference "RxSwift" */ = {
			isa = XCRemoteSwiftPackageReference;
			repositoryURL = "https://github.com/ReactiveX/RxSwift";
			requirement = {
				kind = upToNextMajorVersion;
				minimumVersion = 6.6.0;
			};
		};
/* End XCRemoteSwiftPackageReference section */

/* Begin XCSwiftPackageProductDependency section */
		CEB82AE42AE3E88800670A0F /* RxCocoa */ = {
			isa = XCSwiftPackageProductDependency;
			package = CEB82ADF2AE3E88800670A0F /* XCRemoteSwiftPackageReference "RxSwift" */;
			productName = RxCocoa;
		};
		CEB82AEC2AE3E88800670A0F /* RxSwift */ = {
			isa = XCSwiftPackageProductDependency;
			package = CEB82ADF2AE3E88800670A0F /* XCRemoteSwiftPackageReference "RxSwift" */;
			productName = RxSwift;
		};
/* End XCSwiftPackageProductDependency section */
	};
	rootObject = CEB82A9F2AE3AE7B00670A0F /* Project object */;
}
